
Microsoft Visual Studio Solution File, Format Version 12.00
# Visual Studio Version 17
VisualStudioVersion = 17.1.32414.318
MinimumVisualStudioVersion = 10.0.40219.1
Project("{2150E333-8FDC-42A3-9474-1A3956D46DE8}") = "src", "src", "{38723A1F-43D4-422D-B0BD-9660AD6BC3A9}"
EndProject
Project("{2150E333-8FDC-42A3-9474-1A3956D46DE8}") = "test", "test", "{A68AE5EA-B6FB-494B-8FD6-015B45936E99}"
EndProject
Project("{2150E333-8FDC-42A3-9474-1A3956D46DE8}") = "EnterpriseBusinessRules", "EnterpriseBusinessRules", "{91BAE99D-99D5-4ACB-822D-F8912E46BE8F}"
EndProject
Project("{FAE04EC0-301F-11D3-BF4B-00C04F79EFBC}") = "Alta.Entities", "CleanArquitectureALTA.Entities\Alta.Entities.csproj", "{526E320B-F87C-487A-9C2F-E0215EE28069}"
EndProject
Project("{2150E333-8FDC-42A3-9474-1A3956D46DE8}") = "InterfaceAdapters", "InterfaceAdapters", "{C7C613A5-3BF7-434D-900F-C503D5F9F7D4}"
EndProject
Project("{2150E333-8FDC-42A3-9474-1A3956D46DE8}") = "FrameworkAndDrivers", "FrameworkAndDrivers", "{1EEA943D-5E57-46EE-96A2-CCBD7C38E124}"
EndProject
Project("{2150E333-8FDC-42A3-9474-1A3956D46DE8}") = "ApplicationBusinessRules", "ApplicationBusinessRules", "{1201B6A7-029B-40D6-B8C6-D97FB146B808}"
EndProject
Project("{FAE04EC0-301F-11D3-BF4B-00C04F79EFBC}") = "CleanArquitectureALTA.DTOs", "CleanArquitectureALTA.DTOs\CleanArquitectureALTA.DTOs.csproj", "{BF18D835-C137-46CC-88F2-6C95FD09F3D1}"
EndProject
Project("{FAE04EC0-301F-11D3-BF4B-00C04F79EFBC}") = "CleanArquitectureALTA.UseCases", "CleanArquitectureALTA.UseCases\CleanArquitectureALTA.UseCases.csproj", "{5D61F245-04A8-4362-AAE0-4C858B625754}"
EndProject
Project("{FAE04EC0-301F-11D3-BF4B-00C04F79EFBC}") = "CleanArquitectureALTA.UseeCasesPorts", "CleanArquitectureALTA.UseeCasesPorts\CleanArquitectureALTA.UseeCasesPorts.csproj", "{73FA0BB1-9EFB-49D3-8279-0C620E92DAB9}"
EndProject
Project("{2150E333-8FDC-42A3-9474-1A3956D46DE8}") = "Controllers", "Controllers", "{593F0463-AC48-4775-BB01-768439C4AE8F}"
EndProject
Project("{2150E333-8FDC-42A3-9474-1A3956D46DE8}") = "Gateways", "Gateways", "{5923776B-E2C9-4FAB-B35D-348C95084854}"
EndProject
Project("{2150E333-8FDC-42A3-9474-1A3956D46DE8}") = "Presenters", "Presenters", "{D7857F11-D4D3-4568-8120-0617FBD9C245}"
EndProject
Project("{2150E333-8FDC-42A3-9474-1A3956D46DE8}") = "UIs", "UIs", "{3EF4F8F4-559E-4FA2-8793-963C3251D9F6}"
EndProject
Project("{FAE04EC0-301F-11D3-BF4B-00C04F79EFBC}") = "CleanArquitectureALTA.API", "CleanArquitectureALTA.API\CleanArquitectureALTA.API.csproj", "{E04A862C-3677-49E0-9B48-1B78D157DDC3}"
EndProject
Project("{FAE04EC0-301F-11D3-BF4B-00C04F79EFBC}") = "CleanArquitectureALTA.Controllers", "CleanArquitectureALTA.Controllers\CleanArquitectureALTA.Controllers.csproj", "{57985C22-C1AB-4731-9655-E01525A4FFDE}"
EndProject
Project("{FAE04EC0-301F-11D3-BF4B-00C04F79EFBC}") = "CleanArquitectureALTA.IOc", "CleanArquitectureALTA.IOc\CleanArquitectureALTA.IOc.csproj", "{6004C603-CC6B-4D10-8C9A-032CF590F938}"
EndProject
Project("{FAE04EC0-301F-11D3-BF4B-00C04F79EFBC}") = "CleanArquitectureALTA.EFCore", "CleanArquitectureALTA.EFCore\CleanArquitectureALTA.EFCore.csproj", "{36EF188B-68EF-44D9-8CC6-FDF597082517}"
EndProject
Project("{FAE04EC0-301F-11D3-BF4B-00C04F79EFBC}") = "CleanArquitectureALTA.Presenters", "CleanArquitectureALTA.Presenters\CleanArquitectureALTA.Presenters.csproj", "{DA28DDCD-3212-424A-B2F3-84CA126D9811}"
EndProject
Global
	GlobalSection(SolutionConfigurationPlatforms) = preSolution
		Debug|Any CPU = Debug|Any CPU
		Release|Any CPU = Release|Any CPU
	EndGlobalSection
	GlobalSection(ProjectConfigurationPlatforms) = postSolution
		{526E320B-F87C-487A-9C2F-E0215EE28069}.Debug|Any CPU.ActiveCfg = Debug|Any CPU
		{526E320B-F87C-487A-9C2F-E0215EE28069}.Debug|Any CPU.Build.0 = Debug|Any CPU
		{526E320B-F87C-487A-9C2F-E0215EE28069}.Release|Any CPU.ActiveCfg = Release|Any CPU
		{526E320B-F87C-487A-9C2F-E0215EE28069}.Release|Any CPU.Build.0 = Release|Any CPU
		{BF18D835-C137-46CC-88F2-6C95FD09F3D1}.Debug|Any CPU.ActiveCfg = Debug|Any CPU
		{BF18D835-C137-46CC-88F2-6C95FD09F3D1}.Debug|Any CPU.Build.0 = Debug|Any CPU
		{BF18D835-C137-46CC-88F2-6C95FD09F3D1}.Release|Any CPU.ActiveCfg = Release|Any CPU
		{BF18D835-C137-46CC-88F2-6C95FD09F3D1}.Release|Any CPU.Build.0 = Release|Any CPU
		{5D61F245-04A8-4362-AAE0-4C858B625754}.Debug|Any CPU.ActiveCfg = Debug|Any CPU
		{5D61F245-04A8-4362-AAE0-4C858B625754}.Debug|Any CPU.Build.0 = Debug|Any CPU
		{5D61F245-04A8-4362-AAE0-4C858B625754}.Release|Any CPU.ActiveCfg = Release|Any CPU
		{5D61F245-04A8-4362-AAE0-4C858B625754}.Release|Any CPU.Build.0 = Release|Any CPU
		{73FA0BB1-9EFB-49D3-8279-0C620E92DAB9}.Debug|Any CPU.ActiveCfg = Debug|Any CPU
		{73FA0BB1-9EFB-49D3-8279-0C620E92DAB9}.Debug|Any CPU.Build.0 = Debug|Any CPU
		{73FA0BB1-9EFB-49D3-8279-0C620E92DAB9}.Release|Any CPU.ActiveCfg = Release|Any CPU
		{73FA0BB1-9EFB-49D3-8279-0C620E92DAB9}.Release|Any CPU.Build.0 = Release|Any CPU
		{E04A862C-3677-49E0-9B48-1B78D157DDC3}.Debug|Any CPU.ActiveCfg = Debug|Any CPU
		{E04A862C-3677-49E0-9B48-1B78D157DDC3}.Debug|Any CPU.Build.0 = Debug|Any CPU
		{E04A862C-3677-49E0-9B48-1B78D157DDC3}.Release|Any CPU.ActiveCfg = Release|Any CPU
		{E04A862C-3677-49E0-9B48-1B78D157DDC3}.Release|Any CPU.Build.0 = Release|Any CPU
		{57985C22-C1AB-4731-9655-E01525A4FFDE}.Debug|Any CPU.ActiveCfg = Debug|Any CPU
		{57985C22-C1AB-4731-9655-E01525A4FFDE}.Debug|Any CPU.Build.0 = Debug|Any CPU
		{57985C22-C1AB-4731-9655-E01525A4FFDE}.Release|Any CPU.ActiveCfg = Release|Any CPU
		{57985C22-C1AB-4731-9655-E01525A4FFDE}.Release|Any CPU.Build.0 = Release|Any CPU
		{6004C603-CC6B-4D10-8C9A-032CF590F938}.Debug|Any CPU.ActiveCfg = Debug|Any CPU
		{6004C603-CC6B-4D10-8C9A-032CF590F938}.Debug|Any CPU.Build.0 = Debug|Any CPU
		{6004C603-CC6B-4D10-8C9A-032CF590F938}.Release|Any CPU.ActiveCfg = Release|Any CPU
		{6004C603-CC6B-4D10-8C9A-032CF590F938}.Release|Any CPU.Build.0 = Release|Any CPU
		{36EF188B-68EF-44D9-8CC6-FDF597082517}.Debug|Any CPU.ActiveCfg = Debug|Any CPU
		{36EF188B-68EF-44D9-8CC6-FDF597082517}.Debug|Any CPU.Build.0 = Debug|Any CPU
		{36EF188B-68EF-44D9-8CC6-FDF597082517}.Release|Any CPU.ActiveCfg = Release|Any CPU
		{36EF188B-68EF-44D9-8CC6-FDF597082517}.Release|Any CPU.Build.0 = Release|Any CPU
		{DA28DDCD-3212-424A-B2F3-84CA126D9811}.Debug|Any CPU.ActiveCfg = Debug|Any CPU
		{DA28DDCD-3212-424A-B2F3-84CA126D9811}.Debug|Any CPU.Build.0 = Debug|Any CPU
		{DA28DDCD-3212-424A-B2F3-84CA126D9811}.Release|Any CPU.ActiveCfg = Release|Any CPU
		{DA28DDCD-3212-424A-B2F3-84CA126D9811}.Release|Any CPU.Build.0 = Release|Any CPU
	EndGlobalSection
	GlobalSection(SolutionProperties) = preSolution
		HideSolutionNode = FALSE
	EndGlobalSection
	GlobalSection(NestedProjects) = preSolution
		{91BAE99D-99D5-4ACB-822D-F8912E46BE8F} = {38723A1F-43D4-422D-B0BD-9660AD6BC3A9}
		{526E320B-F87C-487A-9C2F-E0215EE28069} = {91BAE99D-99D5-4ACB-822D-F8912E46BE8F}
		{C7C613A5-3BF7-434D-900F-C503D5F9F7D4} = {38723A1F-43D4-422D-B0BD-9660AD6BC3A9}
		{1EEA943D-5E57-46EE-96A2-CCBD7C38E124} = {38723A1F-43D4-422D-B0BD-9660AD6BC3A9}
		{1201B6A7-029B-40D6-B8C6-D97FB146B808} = {38723A1F-43D4-422D-B0BD-9660AD6BC3A9}
		{BF18D835-C137-46CC-88F2-6C95FD09F3D1} = {1201B6A7-029B-40D6-B8C6-D97FB146B808}
		{5D61F245-04A8-4362-AAE0-4C858B625754} = {1201B6A7-029B-40D6-B8C6-D97FB146B808}
		{73FA0BB1-9EFB-49D3-8279-0C620E92DAB9} = {1201B6A7-029B-40D6-B8C6-D97FB146B808}
		{593F0463-AC48-4775-BB01-768439C4AE8F} = {C7C613A5-3BF7-434D-900F-C503D5F9F7D4}
		{5923776B-E2C9-4FAB-B35D-348C95084854} = {C7C613A5-3BF7-434D-900F-C503D5F9F7D4}
		{D7857F11-D4D3-4568-8120-0617FBD9C245} = {C7C613A5-3BF7-434D-900F-C503D5F9F7D4}
		{3EF4F8F4-559E-4FA2-8793-963C3251D9F6} = {1EEA943D-5E57-46EE-96A2-CCBD7C38E124}
		{E04A862C-3677-49E0-9B48-1B78D157DDC3} = {3EF4F8F4-559E-4FA2-8793-963C3251D9F6}
		{57985C22-C1AB-4731-9655-E01525A4FFDE} = {593F0463-AC48-4775-BB01-768439C4AE8F}
		{6004C603-CC6B-4D10-8C9A-032CF590F938} = {5923776B-E2C9-4FAB-B35D-348C95084854}
		{36EF188B-68EF-44D9-8CC6-FDF597082517} = {5923776B-E2C9-4FAB-B35D-348C95084854}
		{DA28DDCD-3212-424A-B2F3-84CA126D9811} = {D7857F11-D4D3-4568-8120-0617FBD9C245}
	EndGlobalSection
	GlobalSection(ExtensibilityGlobals) = postSolution
		SolutionGuid = {31D505A6-E48C-4DA5-99F2-99FD937008BA}
	EndGlobalSection
EndGlobal
