
Microsoft Visual Studio Solution File, Format Version 12.00
# Visual Studio Version 17
VisualStudioVersion = 17.1.32414.318
MinimumVisualStudioVersion = 10.0.40219.1
Project("{2150E333-8FDC-42A3-9474-1A3956D46DE8}") = "src", "src", "{38723A1F-43D4-422D-B0BD-9660AD6BC3A9}"
EndProject
Project("{2150E333-8FDC-42A3-9474-1A3956D46DE8}") = "test", "test", "{A68AE5EA-B6FB-494B-8FD6-015B45936E99}"
EndProject
Project("{2150E333-8FDC-42A3-9474-1A3956D46DE8}") = "EnterpriseBusinessRules", "EnterpriseBusinessRules", "{91BAE99D-99D5-4ACB-822D-F8912E46BE8F}"
EndProject
Project("{9A19103F-16F7-4668-BE54-9A1E7A4F7556}") = "CleanArquitectureALTA.Entities", "CleanArquitectureALTA.Entities\CleanArquitectureALTA.Entities.csproj", "{526E320B-F87C-487A-9C2F-E0215EE28069}"
EndProject
Project("{2150E333-8FDC-42A3-9474-1A3956D46DE8}") = "InterfaceAdapters", "InterfaceAdapters", "{C7C613A5-3BF7-434D-900F-C503D5F9F7D4}"
EndProject
Project("{2150E333-8FDC-42A3-9474-1A3956D46DE8}") = "ApplicationBusinessRules", "ApplicationBusinessRules", "{4D5887AD-D97B-49F0-85D5-B7B2AF9C4B40}"
EndProject
Project("{2150E333-8FDC-42A3-9474-1A3956D46DE8}") = "FrameworksAndDrivers", "FrameworksAndDrivers", "{959B5B7C-4496-4516-8CCE-1DBF965EE1AB}"
EndProject
Project("{FAE04EC0-301F-11D3-BF4B-00C04F79EFBC}") = "CleanArquitectureALTA.DTOs", "CleanArquitectureALTA.DTOs\CleanArquitectureALTA.DTOs.csproj", "{E0B130E6-F528-4F8D-A58F-3B3FCD6F7A31}"
EndProject
Project("{FAE04EC0-301F-11D3-BF4B-00C04F79EFBC}") = "CleanArquitectureALTA.UseCases", "CleanArquitectureALTA.UseCases\CleanArquitectureALTA.UseCases.csproj", "{77D21E93-1181-4BAE-B3A2-99777AC4D02D}"
EndProject
Project("{FAE04EC0-301F-11D3-BF4B-00C04F79EFBC}") = "CleanArquitectureALTA.UseCasesPorts", "CleanArquitectureALTA.UseCasesPorts\CleanArquitectureALTA.UseCasesPorts.csproj", "{C925F926-6EB8-457C-A25D-82BD23DA9B5F}"
EndProject
Project("{2150E333-8FDC-42A3-9474-1A3956D46DE8}") = "UIs", "UIs", "{2614834B-FF06-4D51-874A-C71E1187E702}"
EndProject
Project("{2150E333-8FDC-42A3-9474-1A3956D46DE8}") = "Controllers", "Controllers", "{A2A12B85-BC2C-463E-921F-53A129B8B1BA}"
EndProject
Project("{2150E333-8FDC-42A3-9474-1A3956D46DE8}") = "Gateways", "Gateways", "{C940C042-A426-41FC-B3C0-0C885E013CAE}"
EndProject
Project("{2150E333-8FDC-42A3-9474-1A3956D46DE8}") = "Presenters", "Presenters", "{41DF0B24-5CB8-4C95-B5E4-30B8B25F2250}"
EndProject
Global
	GlobalSection(SolutionConfigurationPlatforms) = preSolution
		Debug|Any CPU = Debug|Any CPU
		Release|Any CPU = Release|Any CPU
	EndGlobalSection
	GlobalSection(ProjectConfigurationPlatforms) = postSolution
		{526E320B-F87C-487A-9C2F-E0215EE28069}.Debug|Any CPU.ActiveCfg = Debug|Any CPU
		{526E320B-F87C-487A-9C2F-E0215EE28069}.Debug|Any CPU.Build.0 = Debug|Any CPU
		{526E320B-F87C-487A-9C2F-E0215EE28069}.Release|Any CPU.ActiveCfg = Release|Any CPU
		{526E320B-F87C-487A-9C2F-E0215EE28069}.Release|Any CPU.Build.0 = Release|Any CPU
		{E0B130E6-F528-4F8D-A58F-3B3FCD6F7A31}.Debug|Any CPU.ActiveCfg = Debug|Any CPU
		{E0B130E6-F528-4F8D-A58F-3B3FCD6F7A31}.Debug|Any CPU.Build.0 = Debug|Any CPU
		{E0B130E6-F528-4F8D-A58F-3B3FCD6F7A31}.Release|Any CPU.ActiveCfg = Release|Any CPU
		{E0B130E6-F528-4F8D-A58F-3B3FCD6F7A31}.Release|Any CPU.Build.0 = Release|Any CPU
		{77D21E93-1181-4BAE-B3A2-99777AC4D02D}.Debug|Any CPU.ActiveCfg = Debug|Any CPU
		{77D21E93-1181-4BAE-B3A2-99777AC4D02D}.Debug|Any CPU.Build.0 = Debug|Any CPU
		{77D21E93-1181-4BAE-B3A2-99777AC4D02D}.Release|Any CPU.ActiveCfg = Release|Any CPU
		{77D21E93-1181-4BAE-B3A2-99777AC4D02D}.Release|Any CPU.Build.0 = Release|Any CPU
		{C925F926-6EB8-457C-A25D-82BD23DA9B5F}.Debug|Any CPU.ActiveCfg = Debug|Any CPU
		{C925F926-6EB8-457C-A25D-82BD23DA9B5F}.Debug|Any CPU.Build.0 = Debug|Any CPU
		{C925F926-6EB8-457C-A25D-82BD23DA9B5F}.Release|Any CPU.ActiveCfg = Release|Any CPU
		{C925F926-6EB8-457C-A25D-82BD23DA9B5F}.Release|Any CPU.Build.0 = Release|Any CPU
	EndGlobalSection
	GlobalSection(SolutionProperties) = preSolution
		HideSolutionNode = FALSE
	EndGlobalSection
	GlobalSection(NestedProjects) = preSolution
		{91BAE99D-99D5-4ACB-822D-F8912E46BE8F} = {38723A1F-43D4-422D-B0BD-9660AD6BC3A9}
		{526E320B-F87C-487A-9C2F-E0215EE28069} = {91BAE99D-99D5-4ACB-822D-F8912E46BE8F}
		{C7C613A5-3BF7-434D-900F-C503D5F9F7D4} = {38723A1F-43D4-422D-B0BD-9660AD6BC3A9}
		{4D5887AD-D97B-49F0-85D5-B7B2AF9C4B40} = {38723A1F-43D4-422D-B0BD-9660AD6BC3A9}
		{959B5B7C-4496-4516-8CCE-1DBF965EE1AB} = {38723A1F-43D4-422D-B0BD-9660AD6BC3A9}
		{E0B130E6-F528-4F8D-A58F-3B3FCD6F7A31} = {4D5887AD-D97B-49F0-85D5-B7B2AF9C4B40}
		{77D21E93-1181-4BAE-B3A2-99777AC4D02D} = {4D5887AD-D97B-49F0-85D5-B7B2AF9C4B40}
		{C925F926-6EB8-457C-A25D-82BD23DA9B5F} = {4D5887AD-D97B-49F0-85D5-B7B2AF9C4B40}
		{2614834B-FF06-4D51-874A-C71E1187E702} = {959B5B7C-4496-4516-8CCE-1DBF965EE1AB}
		{A2A12B85-BC2C-463E-921F-53A129B8B1BA} = {C7C613A5-3BF7-434D-900F-C503D5F9F7D4}
		{C940C042-A426-41FC-B3C0-0C885E013CAE} = {C7C613A5-3BF7-434D-900F-C503D5F9F7D4}
		{41DF0B24-5CB8-4C95-B5E4-30B8B25F2250} = {C7C613A5-3BF7-434D-900F-C503D5F9F7D4}
	EndGlobalSection
	GlobalSection(ExtensibilityGlobals) = postSolution
		SolutionGuid = {31D505A6-E48C-4DA5-99F2-99FD937008BA}
	EndGlobalSection
EndGlobal
